{
  "name": "feedjs-framework",
  "version": "1.0.0",
  "lockfileVersion": 3,
  "requires": true,
  "packages": {
    "": {
      "name": "feedjs-framework",
      "version": "1.0.0",
      "license": "MIT",
      "dependencies": {
        "feedjs-core": "^1.0.1",
        "feedjs-runtime": "^1.0.0b",
        "feedjs-vite": "^1.0.0"
      },
      "devDependencies": {
        "typescript": "^5.9.3"
      }
    },
    "node_modules/feedjs-core": {
      "version": "1.0.1",
      "resolved": "https://registry.npmjs.org/feedjs-core/-/feedjs-core-1.0.1.tgz",
      "integrity": "sha512-mnY2VFFEr0Q8dBfkfqaYKp1l9pwuV27FNddp3Om5yITy+9teX7c8hpar0g47ajhjP8fpVhhW6w0yYun0Q2QDgw==",
      "license": "MIT"
    },
    "node_modules/feedjs-runtime": {
      "version": "1.0.0",
      "resolved": "https://registry.npmjs.org/feedjs-runtime/-/feedjs-runtime-1.0.0.tgz",
      "integrity": "sha512-dYmAEfw2wfbPekHMhT6cB2f0ch+haYnioLQFylJGk1GU4F0/KnDT9PoDFv4S4ztrvyGFp9Xx3YcqcWMCvCTijA==",
      "license": "MIT",
      "dependencies": {
        "feedjs-core": "1.0.0"
      }
    },
    "node_modules/feedjs-runtime/node_modules/feedjs-core": {
      "version": "1.0.0",
      "resolved": "https://registry.npmjs.org/feedjs-core/-/feedjs-core-1.0.0.tgz",
      "integrity": "sha512-mN9s6Aq5kHtPfVEDT4dajx75W7+11Mgq5E0Z+93DsLxTutzpn0veyIaa1E7FBwHt215q+PPAGU0ZkE850JeQMA==",
      "license": "ISC"
    },
    "node_modules/feedjs-vite": {
      "version": "1.0.0",
      "resolved": "https://registry.npmjs.org/feedjs-vite/-/feedjs-vite-1.0.0.tgz",
      "integrity": "sha512-i2KZJaXmIvQ8FpVS9wI0iTfP8LUIFj+nHqz7p3TqD0167JcqvF999zVKeEdlcohgyKRTh9ZHdeTVemR2XT3faw==",
      "license": "MIT",
      "dependencies": {
        "feedjs-core": "1.0.1"
      }
    },
    "node_modules/typescript": {
      "version": "5.9.3",
      "resolved": "https://registry.npmjs.org/typescript/-/typescript-5.9.3.tgz",
      "integrity": "sha512-jl1vZzPDinLr9eUt3J/t7V6FgNEw9QjvBPdysz9KfQDD41fQrC2Y4vKQdiaUpFT4bXlb1RHhLpp8wtm6M5TgSw==",
      "dev": true,
      "license": "Apache-2.0",
      "bin": {
        "tsc": "bin/tsc",
        "tsserver": "bin/tsserver"
      },
      "engines": {
        "node": ">=14.17"
      }
    }
  }
}
